<?xml version="1.0" encoding="utf-8"?>
<Project ToolsVersion="4.0" xmlns="http://schemas.microsoft.com/developer/msbuild/2003">
  <ItemGroup>
    <None Include="module.def">
      <Filter>Config</Filter>
    </None>
    <None Include="packages.config">
      <Filter>Config</Filter>
    </None>
  </ItemGroup>
  <ItemGroup>
    <ClCompile Include="KinectStreamDescription.cpp">
      <Filter>Kinect</Filter>
    </ClCompile>
    <ClCompile Include="KinectMediaStream.cpp">
      <Filter>Kinect</Filter>
    </ClCompile>
    <ClCompile Include="KinectMediaSource.cpp">
      <Filter>Kinect</Filter>
    </ClCompile>
    <ClCompile Include="stdafx.cpp">
      <Filter>Config</Filter>
    </ClCompile>
    <ClCompile Include="dllMain.cpp" />
  </ItemGroup>
  <ItemGroup>
    <ClInclude Include="KinectStreamDescription.h">
      <Filter>Kinect</Filter>
    </ClInclude>
    <ClInclude Include="KinectMediaStream.h">
      <Filter>Kinect</Filter>
    </ClInclude>
    <ClInclude Include="KinectMediaSource.h">
      <Filter>Kinect</Filter>
    </ClInclude>
    <ClInclude Include="Hasher.h">
      <Filter>Framework</Filter>
    </ClInclude>
    <ClInclude Include="KsControl.h">
      <Filter>Framework</Filter>
    </ClInclude>
    <ClInclude Include="stdafx.h">
      <Filter>Config</Filter>
    </ClInclude>
    <ClInclude Include="ClassFactory.h">
      <Filter>Framework</Filter>
    </ClInclude>
    <ClInclude Include="Guid.h">
      <Filter>Framework</Filter>
    </ClInclude>
  </ItemGroup>
  <ItemGroup>
    <Filter Include="Kinect">
      <UniqueIdentifier>{b0c8e15a-7fc7-4c17-82bc-b698e4923fce}</UniqueIdentifier>
    </Filter>
    <Filter Include="Framework">
      <UniqueIdentifier>{04b56ce0-f9c4-40e8-a798-af5bae07d8de}</UniqueIdentifier>
    </Filter>
    <Filter Include="Config">
      <UniqueIdentifier>{e329b110-7bce-4f4c-ab58-9561f104525e}</UniqueIdentifier>
    </Filter>
  </ItemGroup>
</Project>